
Microsoft Visual Studio Solution File, Format Version 12.00
# Visual Studio Version 17
VisualStudioVersion = 17.8.34316.72
MinimumVisualStudioVersion = 10.0.40219.1
Project("{9A19103F-16F7-4668-BE54-9A1E7A4F7556}") = "ItemStore.WebApi", "ItemStore.WebApi\ItemStore.WebApi.csproj", "{7FB7A12A-C0A7-460B-9E66-F54E6E5D2D16}"
EndProject
Project("{2150E333-8FDC-42A3-9474-1A3956D46DE8}") = "src", "src", "{DE8487AC-257A-4BA8-B661-932CCF524230}"
EndProject
Project("{2150E333-8FDC-42A3-9474-1A3956D46DE8}") = "tests", "tests", "{A483D447-3289-42C3-9687-4C8E70D50037}"
EndProject
Project("{FAE04EC0-301F-11D3-BF4B-00C04F79EFBC}") = "Domain", "src\Domain\Domain.csproj", "{4E6E45AA-E062-452B-9DBE-5372EF3AFF58}"
EndProject
Project("{FAE04EC0-301F-11D3-BF4B-00C04F79EFBC}") = "Infrastructure", "src\Infrastructure\Infrastructure.csproj", "{2BEC2D70-5274-4B5D-9254-867E92039593}"
EndProject
Project("{FAE04EC0-301F-11D3-BF4B-00C04F79EFBC}") = "Application", "src\Application\Application.csproj", "{AA7400EF-D8FA-40F1-9F8E-45EF6879B40F}"
EndProject
Project("{9A19103F-16F7-4668-BE54-9A1E7A4F7556}") = "ItemStore.UnitTests", "tests\ItemStore.UnitTests\ItemStore.UnitTests.csproj", "{D730BFD7-443D-40DF-AF20-03D19FAC73E8}"
EndProject
Global
	GlobalSection(SolutionConfigurationPlatforms) = preSolution
		Debug|Any CPU = Debug|Any CPU
		Release|Any CPU = Release|Any CPU
	EndGlobalSection
	GlobalSection(ProjectConfigurationPlatforms) = postSolution
		{7FB7A12A-C0A7-460B-9E66-F54E6E5D2D16}.Debug|Any CPU.ActiveCfg = Debug|Any CPU
		{7FB7A12A-C0A7-460B-9E66-F54E6E5D2D16}.Debug|Any CPU.Build.0 = Debug|Any CPU
		{7FB7A12A-C0A7-460B-9E66-F54E6E5D2D16}.Release|Any CPU.ActiveCfg = Release|Any CPU
		{7FB7A12A-C0A7-460B-9E66-F54E6E5D2D16}.Release|Any CPU.Build.0 = Release|Any CPU
		{4E6E45AA-E062-452B-9DBE-5372EF3AFF58}.Debug|Any CPU.ActiveCfg = Debug|Any CPU
		{4E6E45AA-E062-452B-9DBE-5372EF3AFF58}.Debug|Any CPU.Build.0 = Debug|Any CPU
		{4E6E45AA-E062-452B-9DBE-5372EF3AFF58}.Release|Any CPU.ActiveCfg = Release|Any CPU
		{4E6E45AA-E062-452B-9DBE-5372EF3AFF58}.Release|Any CPU.Build.0 = Release|Any CPU
		{2BEC2D70-5274-4B5D-9254-867E92039593}.Debug|Any CPU.ActiveCfg = Debug|Any CPU
		{2BEC2D70-5274-4B5D-9254-867E92039593}.Debug|Any CPU.Build.0 = Debug|Any CPU
		{2BEC2D70-5274-4B5D-9254-867E92039593}.Release|Any CPU.ActiveCfg = Release|Any CPU
		{2BEC2D70-5274-4B5D-9254-867E92039593}.Release|Any CPU.Build.0 = Release|Any CPU
		{AA7400EF-D8FA-40F1-9F8E-45EF6879B40F}.Debug|Any CPU.ActiveCfg = Debug|Any CPU
		{AA7400EF-D8FA-40F1-9F8E-45EF6879B40F}.Debug|Any CPU.Build.0 = Debug|Any CPU
		{AA7400EF-D8FA-40F1-9F8E-45EF6879B40F}.Release|Any CPU.ActiveCfg = Release|Any CPU
		{AA7400EF-D8FA-40F1-9F8E-45EF6879B40F}.Release|Any CPU.Build.0 = Release|Any CPU
		{D730BFD7-443D-40DF-AF20-03D19FAC73E8}.Debug|Any CPU.ActiveCfg = Debug|Any CPU
		{D730BFD7-443D-40DF-AF20-03D19FAC73E8}.Debug|Any CPU.Build.0 = Debug|Any CPU
		{D730BFD7-443D-40DF-AF20-03D19FAC73E8}.Release|Any CPU.ActiveCfg = Release|Any CPU
		{D730BFD7-443D-40DF-AF20-03D19FAC73E8}.Release|Any CPU.Build.0 = Release|Any CPU
	EndGlobalSection
	GlobalSection(SolutionProperties) = preSolution
		HideSolutionNode = FALSE
	EndGlobalSection
	GlobalSection(NestedProjects) = preSolution
		{7FB7A12A-C0A7-460B-9E66-F54E6E5D2D16} = {DE8487AC-257A-4BA8-B661-932CCF524230}
		{4E6E45AA-E062-452B-9DBE-5372EF3AFF58} = {DE8487AC-257A-4BA8-B661-932CCF524230}
		{2BEC2D70-5274-4B5D-9254-867E92039593} = {DE8487AC-257A-4BA8-B661-932CCF524230}
		{AA7400EF-D8FA-40F1-9F8E-45EF6879B40F} = {DE8487AC-257A-4BA8-B661-932CCF524230}
		{D730BFD7-443D-40DF-AF20-03D19FAC73E8} = {A483D447-3289-42C3-9687-4C8E70D50037}
	EndGlobalSection
	GlobalSection(ExtensibilityGlobals) = postSolution
		SolutionGuid = {5259206E-ABA2-4587-83B7-B21524605A71}
	EndGlobalSection
EndGlobal
